
Microsoft Visual Studio Solution File, Format Version 12.00
# Visual Studio 14
VisualStudioVersion = 14.0.25420.1
MinimumVisualStudioVersion = 10.0.40219.1
Project("{FAE04EC0-301F-11D3-BF4B-00C04F79EFBC}") = "Jabberwocky.SoC.Client", "Jabberwocky.SoC.Client\Jabberwocky.SoC.Client.csproj", "{AFF4C968-A3A7-49B9-9BF7-F1553C0FCCE1}"
EndProject
Project("{FAE04EC0-301F-11D3-BF4B-00C04F79EFBC}") = "Jabberwocky.SoC.FrontEnd", "Jabberwocky.SoC.FrontEnd\Jabberwocky.SoC.FrontEnd.csproj", "{72463378-C232-4F2A-87A4-D7A2E523F450}"
EndProject
Global
	GlobalSection(SolutionConfigurationPlatforms) = preSolution
		Debug|Any CPU = Debug|Any CPU
		Release|Any CPU = Release|Any CPU
	EndGlobalSection
	GlobalSection(ProjectConfigurationPlatforms) = postSolution
		{AFF4C968-A3A7-49B9-9BF7-F1553C0FCCE1}.Debug|Any CPU.ActiveCfg = Debug|Any CPU
		{AFF4C968-A3A7-49B9-9BF7-F1553C0FCCE1}.Debug|Any CPU.Build.0 = Debug|Any CPU
		{AFF4C968-A3A7-49B9-9BF7-F1553C0FCCE1}.Release|Any CPU.ActiveCfg = Release|Any CPU
		{AFF4C968-A3A7-49B9-9BF7-F1553C0FCCE1}.Release|Any CPU.Build.0 = Release|Any CPU
		{72463378-C232-4F2A-87A4-D7A2E523F450}.Debug|Any CPU.ActiveCfg = Debug|Any CPU
		{72463378-C232-4F2A-87A4-D7A2E523F450}.Debug|Any CPU.Build.0 = Debug|Any CPU
		{72463378-C232-4F2A-87A4-D7A2E523F450}.Release|Any CPU.ActiveCfg = Release|Any CPU
		{72463378-C232-4F2A-87A4-D7A2E523F450}.Release|Any CPU.Build.0 = Release|Any CPU
	EndGlobalSection
	GlobalSection(SolutionProperties) = preSolution
		HideSolutionNode = FALSE
	EndGlobalSection
EndGlobal
